
Microsoft Visual Studio Solution File, Format Version 12.00
# Visual Studio Version 17
VisualStudioVersion = 17.5.002.0
MinimumVisualStudioVersion = 10.0.40219.1
Project("{2150E333-8FDC-42A3-9474-1A3956D46DE8}") = "packages", "packages", "{CE575A52-ECC9-4AB5-94C4-011E4A8A2052}"
EndProject
Project("{2150E333-8FDC-42A3-9474-1A3956D46DE8}") = "neo-one-node-vm", "neo-one-node-vm", "{2BBD968D-DD21-4FCC-91DA-66278C98F924}"
EndProject
Project("{9A19103F-16F7-4668-BE54-9A1E7A4F7556}") = "Dispatcher", "packages\neo-one-node-vm\lib\Dispatcher.csproj", "{C7DECB08-1341-4E63-8C40-8FE3E464BA91}"
EndProject
Global
	GlobalSection(SolutionConfigurationPlatforms) = preSolution
		Debug|Any CPU = Debug|Any CPU
		Release|Any CPU = Release|Any CPU
	EndGlobalSection
	GlobalSection(ProjectConfigurationPlatforms) = postSolution
		{C7DECB08-1341-4E63-8C40-8FE3E464BA91}.Debug|Any CPU.ActiveCfg = Debug|Any CPU
		{C7DECB08-1341-4E63-8C40-8FE3E464BA91}.Debug|Any CPU.Build.0 = Debug|Any CPU
		{C7DECB08-1341-4E63-8C40-8FE3E464BA91}.Release|Any CPU.ActiveCfg = Release|Any CPU
		{C7DECB08-1341-4E63-8C40-8FE3E464BA91}.Release|Any CPU.Build.0 = Release|Any CPU
	EndGlobalSection
	GlobalSection(SolutionProperties) = preSolution
		HideSolutionNode = FALSE
	EndGlobalSection
	GlobalSection(NestedProjects) = preSolution
		{2BBD968D-DD21-4FCC-91DA-66278C98F924} = {CE575A52-ECC9-4AB5-94C4-011E4A8A2052}
		{C7DECB08-1341-4E63-8C40-8FE3E464BA91} = {2BBD968D-DD21-4FCC-91DA-66278C98F924}
	EndGlobalSection
	GlobalSection(ExtensibilityGlobals) = postSolution
		SolutionGuid = {DF53FF40-3EE1-4A2B-AEDE-5AC495CB8E7C}
	EndGlobalSection
EndGlobal
